// !$*UTF8*$!
{
	archiveVersion = 1;
	classes = {
	};
	objectVersion = 56;
	objects = {

/* Begin PBXBuildFile section */
		5CD352A92A26FBE40019532A /* AppDelegate.swift in Sources */ = {isa = PBXBuildFile; fileRef = 5CD352A82A26FBE40019532A /* AppDelegate.swift */; };
		5CD352AB2A26FBE40019532A /* SceneDelegate.swift in Sources */ = {isa = PBXBuildFile; fileRef = 5CD352AA2A26FBE40019532A /* SceneDelegate.swift */; };
		5CD352AD2A26FBE40019532A /* ViewController.swift in Sources */ = {isa = PBXBuildFile; fileRef = 5CD352AC2A26FBE40019532A /* ViewController.swift */; };
		5CD352B02A26FBE40019532A /* Main.storyboard in Resources */ = {isa = PBXBuildFile; fileRef = 5CD352AE2A26FBE40019532A /* Main.storyboard */; };
		5CD352B22A26FBE60019532A /* Assets.xcassets in Resources */ = {isa = PBXBuildFile; fileRef = 5CD352B12A26FBE60019532A /* Assets.xcassets */; };
		5CD352B52A26FBE60019532A /* LaunchScreen.storyboard in Resources */ = {isa = PBXBuildFile; fileRef = 5CD352B32A26FBE60019532A /* LaunchScreen.storyboard */; };
		5CD352C02A26FBE60019532A /* AppDemoSonarTests.swift in Sources */ = {isa = PBXBuildFile; fileRef = 5CD352BF2A26FBE60019532A /* AppDemoSonarTests.swift */; };
		5CD352CA2A26FBE60019532A /* AppDemoSonarUITests.swift in Sources */ = {isa = PBXBuildFile; fileRef = 5CD352C92A26FBE60019532A /* AppDemoSonarUITests.swift */; };
		5CD352CC2A26FBE60019532A /* AppDemoSonarUITestsLaunchTests.swift in Sources */ = {isa = PBXBuildFile; fileRef = 5CD352CB2A26FBE60019532A /* AppDemoSonarUITestsLaunchTests.swift */; };
/* End PBXBuildFile section */

/* Begin PBXContainerItemProxy section */
		5CD352BC2A26FBE60019532A /* PBXContainerItemProxy */ = {
			isa = PBXContainerItemProxy;
			containerPortal = 5CD3529D2A26FBE40019532A /* Project object */;
			proxyType = 1;
			remoteGlobalIDString = 5CD352A42A26FBE40019532A;
			remoteInfo = AppDemoSonar;
		};
		5CD352C62A26FBE60019532A /* PBXContainerItemProxy */ = {
			isa = PBXContainerItemProxy;
			containerPortal = 5CD3529D2A26FBE40019532A /* Project object */;
			proxyType = 1;
			remoteGlobalIDString = 5CD352A42A26FBE40019532A;
			remoteInfo = AppDemoSonar;
		};
/* End PBXContainerItemProxy section */

/* Begin PBXFileReference section */
		5CD352A52A26FBE40019532A /* AppDemoSonar.app */ = {isa = PBXFileReference; explicitFileType = wrapper.application; includeInIndex = 0; path = AppDemoSonar.app; sourceTree = BUILT_PRODUCTS_DIR; };
		5CD352A82A26FBE40019532A /* AppDelegate.swift */ = {isa = PBXFileReference; lastKnownFileType = sourcecode.swift; path = AppDelegate.swift; sourceTree = "<group>"; };
		5CD352AA2A26FBE40019532A /* SceneDelegate.swift */ = {isa = PBXFileReference; lastKnownFileType = sourcecode.swift; path = SceneDelegate.swift; sourceTree = "<group>"; };
		5CD352AC2A26FBE40019532A /* ViewController.swift */ = {isa = PBXFileReference; lastKnownFileType = sourcecode.swift; path = ViewController.swift; sourceTree = "<group>"; };
		5CD352AF2A26FBE40019532A /* Base */ = {isa = PBXFileReference; lastKnownFileType = file.storyboard; name = Base; path = Base.lproj/Main.storyboard; sourceTree = "<group>"; };
		5CD352B12A26FBE60019532A /* Assets.xcassets */ = {isa = PBXFileReference; lastKnownFileType = folder.assetcatalog; path = Assets.xcassets; sourceTree = "<group>"; };
		5CD352B42A26FBE60019532A /* Base */ = {isa = PBXFileReference; lastKnownFileType = file.storyboard; name = Base; path = Base.lproj/LaunchScreen.storyboard; sourceTree = "<group>"; };
		5CD352B62A26FBE60019532A /* Info.plist */ = {isa = PBXFileReference; lastKnownFileType = text.plist.xml; path = Info.plist; sourceTree = "<group>"; };
		5CD352BB2A26FBE60019532A /* AppDemoSonarTests.xctest */ = {isa = PBXFileReference; explicitFileType = wrapper.cfbundle; includeInIndex = 0; path = AppDemoSonarTests.xctest; sourceTree = BUILT_PRODUCTS_DIR; };
		5CD352BF2A26FBE60019532A /* AppDemoSonarTests.swift */ = {isa = PBXFileReference; lastKnownFileType = sourcecode.swift; path = AppDemoSonarTests.swift; sourceTree = "<group>"; };
		5CD352C52A26FBE60019532A /* AppDemoSonarUITests.xctest */ = {isa = PBXFileReference; explicitFileType = wrapper.cfbundle; includeInIndex = 0; path = AppDemoSonarUITests.xctest; sourceTree = BUILT_PRODUCTS_DIR; };
		5CD352C92A26FBE60019532A /* AppDemoSonarUITests.swift */ = {isa = PBXFileReference; lastKnownFileType = sourcecode.swift; path = AppDemoSonarUITests.swift; sourceTree = "<group>"; };
		5CD352CB2A26FBE60019532A /* AppDemoSonarUITestsLaunchTests.swift */ = {isa = PBXFileReference; lastKnownFileType = sourcecode.swift; path = AppDemoSonarUITestsLaunchTests.swift; sourceTree = "<group>"; };
/* End PBXFileReference section */

/* Begin PBXFrameworksBuildPhase section */
		5CD352A22A26FBE40019532A /* Frameworks */ = {
			isa = PBXFrameworksBuildPhase;
			buildActionMask = 2147483647;
			files = (
			);
			runOnlyForDeploymentPostprocessing = 0;
		};
		5CD352B82A26FBE60019532A /* Frameworks */ = {
			isa = PBXFrameworksBuildPhase;
			buildActionMask = 2147483647;
			files = (
			);
			runOnlyForDeploymentPostprocessing = 0;
		};
		5CD352C22A26FBE60019532A /* Frameworks */ = {
			isa = PBXFrameworksBuildPhase;
			buildActionMask = 2147483647;
			files = (
			);
			runOnlyForDeploymentPostprocessing = 0;
		};
/* End PBXFrameworksBuildPhase section */

/* Begin PBXGroup section */
		5CD3529C2A26FBE40019532A = {
			isa = PBXGroup;
			children = (
				5CD352A72A26FBE40019532A /* AppDemoSonar */,
				5CD352BE2A26FBE60019532A /* AppDemoSonarTests */,
				5CD352C82A26FBE60019532A /* AppDemoSonarUITests */,
				5CD352A62A26FBE40019532A /* Products */,
			);
			sourceTree = "<group>";
		};
		5CD352A62A26FBE40019532A /* Products */ = {
			isa = PBXGroup;
			children = (
				5CD352A52A26FBE40019532A /* AppDemoSonar.app */,
				5CD352BB2A26FBE60019532A /* AppDemoSonarTests.xctest */,
				5CD352C52A26FBE60019532A /* AppDemoSonarUITests.xctest */,
			);
			name = Products;
			sourceTree = "<group>";
		};
		5CD352A72A26FBE40019532A /* AppDemoSonar */ = {
			isa = PBXGroup;
			children = (
				5CD352A82A26FBE40019532A /* AppDelegate.swift */,
				5CD352AA2A26FBE40019532A /* SceneDelegate.swift */,
				5CD352AC2A26FBE40019532A /* ViewController.swift */,
				5CD352AE2A26FBE40019532A /* Main.storyboard */,
				5CD352B12A26FBE60019532A /* Assets.xcassets */,
				5CD352B32A26FBE60019532A /* LaunchScreen.storyboard */,
				5CD352B62A26FBE60019532A /* Info.plist */,
			);
			path = AppDemoSonar;
			sourceTree = "<group>";
		};
		5CD352BE2A26FBE60019532A /* AppDemoSonarTests */ = {
			isa = PBXGroup;
			children = (
				5CD352BF2A26FBE60019532A /* AppDemoSonarTests.swift */,
			);
			path = AppDemoSonarTests;
			sourceTree = "<group>";
		};
		5CD352C82A26FBE60019532A /* AppDemoSonarUITests */ = {
			isa = PBXGroup;
			children = (
				5CD352C92A26FBE60019532A /* AppDemoSonarUITests.swift */,
				5CD352CB2A26FBE60019532A /* AppDemoSonarUITestsLaunchTests.swift */,
			);
			path = AppDemoSonarUITests;
			sourceTree = "<group>";
		};
/* End PBXGroup section */

/* Begin PBXNativeTarget section */
		5CD352A42A26FBE40019532A /* AppDemoSonar */ = {
			isa = PBXNativeTarget;
			buildConfigurationList = 5CD352CF2A26FBE60019532A /* Build configuration list for PBXNativeTarget "AppDemoSonar" */;
			buildPhases = (
				5CD352A12A26FBE40019532A /* Sources */,
				5CD352A22A26FBE40019532A /* Frameworks */,
				5CD352A32A26FBE40019532A /* Resources */,
			);
			buildRules = (
			);
			dependencies = (
			);
			name = AppDemoSonar;
			productName = AppDemoSonar;
			productReference = 5CD352A52A26FBE40019532A /* AppDemoSonar.app */;
			productType = "com.apple.product-type.application";
		};
		5CD352BA2A26FBE60019532A /* AppDemoSonarTests */ = {
			isa = PBXNativeTarget;
			buildConfigurationList = 5CD352D22A26FBE60019532A /* Build configuration list for PBXNativeTarget "AppDemoSonarTests" */;
			buildPhases = (
				5CD352B72A26FBE60019532A /* Sources */,
				5CD352B82A26FBE60019532A /* Frameworks */,
				5CD352B92A26FBE60019532A /* Resources */,
			);
			buildRules = (
			);
			dependencies = (
				5CD352BD2A26FBE60019532A /* PBXTargetDependency */,
			);
			name = AppDemoSonarTests;
			productName = AppDemoSonarTests;
			productReference = 5CD352BB2A26FBE60019532A /* AppDemoSonarTests.xctest */;
			productType = "com.apple.product-type.bundle.unit-test";
		};
		5CD352C42A26FBE60019532A /* AppDemoSonarUITests */ = {
			isa = PBXNativeTarget;
			buildConfigurationList = 5CD352D52A26FBE60019532A /* Build configuration list for PBXNativeTarget "AppDemoSonarUITests" */;
			buildPhases = (
				5CD352C12A26FBE60019532A /* Sources */,
				5CD352C22A26FBE60019532A /* Frameworks */,
				5CD352C32A26FBE60019532A /* Resources */,
			);
			buildRules = (
			);
			dependencies = (
				5CD352C72A26FBE60019532A /* PBXTargetDependency */,
			);
			name = AppDemoSonarUITests;
			productName = AppDemoSonarUITests;
			productReference = 5CD352C52A26FBE60019532A /* AppDemoSonarUITests.xctest */;
			productType = "com.apple.product-type.bundle.ui-testing";
		};
/* End PBXNativeTarget section */

/* Begin PBXProject section */
		5CD3529D2A26FBE40019532A /* Project object */ = {
			isa = PBXProject;
			attributes = {
				BuildIndependentTargetsInParallel = 1;
				LastSwiftUpdateCheck = 1400;
				LastUpgradeCheck = 1400;
				TargetAttributes = {
					5CD352A42A26FBE40019532A = {
						CreatedOnToolsVersion = 14.0.1;
					};
					5CD352BA2A26FBE60019532A = {
						CreatedOnToolsVersion = 14.0.1;
						TestTargetID = 5CD352A42A26FBE40019532A;
					};
					5CD352C42A26FBE60019532A = {
						CreatedOnToolsVersion = 14.0.1;
						TestTargetID = 5CD352A42A26FBE40019532A;
					};
				};
			};
			buildConfigurationList = 5CD352A02A26FBE40019532A /* Build configuration list for PBXProject "AppDemoSonar" */;
			compatibilityVersion = "Xcode 14.0";
			developmentRegion = en;
			hasScannedForEncodings = 0;
			knownRegions = (
				en,
				Base,
			);
			mainGroup = 5CD3529C2A26FBE40019532A;
			productRefGroup = 5CD352A62A26FBE40019532A /* Products */;
			projectDirPath = "";
			projectRoot = "";
			targets = (
				5CD352A42A26FBE40019532A /* AppDemoSonar */,
				5CD352BA2A26FBE60019532A /* AppDemoSonarTests */,
				5CD352C42A26FBE60019532A /* AppDemoSonarUITests */,
			);
		};
/* End PBXProject section */

/* Begin PBXResourcesBuildPhase section */
		5CD352A32A26FBE40019532A /* Resources */ = {
			isa = PBXResourcesBuildPhase;
			buildActionMask = 2147483647;
			files = (
				5CD352B52A26FBE60019532A /* LaunchScreen.storyboard in Resources */,
				5CD352B22A26FBE60019532A /* Assets.xcassets in Resources */,
				5CD352B02A26FBE40019532A /* Main.storyboard in Resources */,
			);
			runOnlyForDeploymentPostprocessing = 0;
		};
		5CD352B92A26FBE60019532A /* Resources */ = {
			isa = PBXResourcesBuildPhase;
			buildActionMask = 2147483647;
			files = (
			);
			runOnlyForDeploymentPostprocessing = 0;
		};
		5CD352C32A26FBE60019532A /* Resources */ = {
			isa = PBXResourcesBuildPhase;
			buildActionMask = 2147483647;
			files = (
			);
			runOnlyForDeploymentPostprocessing = 0;
		};
/* End PBXResourcesBuildPhase section */

/* Begin PBXSourcesBuildPhase section */
		5CD352A12A26FBE40019532A /* Sources */ = {
			isa = PBXSourcesBuildPhase;
			buildActionMask = 2147483647;
			files = (
				5CD352AD2A26FBE40019532A /* ViewController.swift in Sources */,
				5CD352A92A26FBE40019532A /* AppDelegate.swift in Sources */,
				5CD352AB2A26FBE40019532A /* SceneDelegate.swift in Sources */,
			);
			runOnlyForDeploymentPostprocessing = 0;
		};
		5CD352B72A26FBE60019532A /* Sources */ = {
			isa = PBXSourcesBuildPhase;
			buildActionMask = 2147483647;
			files = (
				5CD352C02A26FBE60019532A /* AppDemoSonarTests.swift in Sources */,
			);
			runOnlyForDeploymentPostprocessing = 0;
		};
		5CD352C12A26FBE60019532A /* Sources */ = {
			isa = PBXSourcesBuildPhase;
			buildActionMask = 2147483647;
			files = (
				5CD352CA2A26FBE60019532A /* AppDemoSonarUITests.swift in Sources */,
				5CD352CC2A26FBE60019532A /* AppDemoSonarUITestsLaunchTests.swift in Sources */,
			);
			runOnlyForDeploymentPostprocessing = 0;
		};
/* End PBXSourcesBuildPhase section */

/* Begin PBXTargetDependency section */
		5CD352BD2A26FBE60019532A /* PBXTargetDependency */ = {
			isa = PBXTargetDependency;
			target = 5CD352A42A26FBE40019532A /* AppDemoSonar */;
			targetProxy = 5CD352BC2A26FBE60019532A /* PBXContainerItemProxy */;
		};
		5CD352C72A26FBE60019532A /* PBXTargetDependency */ = {
			isa = PBXTargetDependency;
			target = 5CD352A42A26FBE40019532A /* AppDemoSonar */;
			targetProxy = 5CD352C62A26FBE60019532A /* PBXContainerItemProxy */;
		};
/* End PBXTargetDependency section */

/* Begin PBXVariantGroup section */
		5CD352AE2A26FBE40019532A /* Main.storyboard */ = {
			isa = PBXVariantGroup;
			children = (
				5CD352AF2A26FBE40019532A /* Base */,
			);
			name = Main.storyboard;
			sourceTree = "<group>";
		};
		5CD352B32A26FBE60019532A /* LaunchScreen.storyboard */ = {
			isa = PBXVariantGroup;
			children = (
				5CD352B42A26FBE60019532A /* Base */,
			);
			name = LaunchScreen.storyboard;
			sourceTree = "<group>";
		};
/* End PBXVariantGroup section */

/* Begin XCBuildConfiguration section */
		5CD352CD2A26FBE60019532A /* Debug */ = {
			isa = XCBuildConfiguration;
			buildSettings = {
				ALWAYS_SEARCH_USER_PATHS = NO;
				CLANG_ANALYZER_NONNULL = YES;
				CLANG_ANALYZER_NUMBER_OBJECT_CONVERSION = YES_AGGRESSIVE;
				CLANG_CXX_LANGUAGE_STANDARD = "gnu++20";
				CLANG_ENABLE_MODULES = YES;
				CLANG_ENABLE_OBJC_ARC = YES;
				CLANG_ENABLE_OBJC_WEAK = YES;
				CLANG_WARN_BLOCK_CAPTURE_AUTORELEASING = YES;
				CLANG_WARN_BOOL_CONVERSION = YES;
				CLANG_WARN_COMMA = YES;
				CLANG_WARN_CONSTANT_CONVERSION = YES;
				CLANG_WARN_DEPRECATED_OBJC_IMPLEMENTATIONS = YES;
				CLANG_WARN_DIRECT_OBJC_ISA_USAGE = YES_ERROR;
				CLANG_WARN_DOCUMENTATION_COMMENTS = YES;
				CLANG_WARN_EMPTY_BODY = YES;
				CLANG_WARN_ENUM_CONVERSION = YES;
				CLANG_WARN_INFINITE_RECURSION = YES;
				CLANG_WARN_INT_CONVERSION = YES;
				CLANG_WARN_NON_LITERAL_NULL_CONVERSION = YES;
				CLANG_WARN_OBJC_IMPLICIT_RETAIN_SELF = YES;
				CLANG_WARN_OBJC_LITERAL_CONVERSION = YES;
				CLANG_WARN_OBJC_ROOT_CLASS = YES_ERROR;
				CLANG_WARN_QUOTED_INCLUDE_IN_FRAMEWORK_HEADER = YES;
				CLANG_WARN_RANGE_LOOP_ANALYSIS = YES;
				CLANG_WARN_STRICT_PROTOTYPES = YES;
				CLANG_WARN_SUSPICIOUS_MOVE = YES;
				CLANG_WARN_UNGUARDED_AVAILABILITY = YES_AGGRESSIVE;
				CLANG_WARN_UNREACHABLE_CODE = YES;
				CLANG_WARN__DUPLICATE_METHOD_MATCH = YES;
				COPY_PHASE_STRIP = NO;
				DEBUG_INFORMATION_FORMAT = dwarf;
				ENABLE_STRICT_OBJC_MSGSEND = YES;
				ENABLE_TESTABILITY = YES;
				GCC_C_LANGUAGE_STANDARD = gnu11;
				GCC_DYNAMIC_NO_PIC = NO;
				GCC_NO_COMMON_BLOCKS = YES;
				GCC_OPTIMIZATION_LEVEL = 0;
				GCC_PREPROCESSOR_DEFINITIONS = (
					"DEBUG=1",
					"$(inherited)",
				);
				GCC_WARN_64_TO_32_BIT_CONVERSION = YES;
				GCC_WARN_ABOUT_RETURN_TYPE = YES_ERROR;
				GCC_WARN_UNDECLARED_SELECTOR = YES;
				GCC_WARN_UNINITIALIZED_AUTOS = YES_AGGRESSIVE;
				GCC_WARN_UNUSED_FUNCTION = YES;
				GCC_WARN_UNUSED_VARIABLE = YES;
				IPHONEOS_DEPLOYMENT_TARGET = 16.0;
				MTL_ENABLE_DEBUG_INFO = INCLUDE_SOURCE;
				MTL_FAST_MATH = YES;
				ONLY_ACTIVE_ARCH = YES;
				SDKROOT = iphoneos;
				SWIFT_ACTIVE_COMPILATION_CONDITIONS = DEBUG;
				SWIFT_OPTIMIZATION_LEVEL = "-Onone";
			};
			name = Debug;
		};
		5CD352CE2A26FBE60019532A /* Release */ = {
			isa = XCBuildConfiguration;
			buildSettings = {
				ALWAYS_SEARCH_USER_PATHS = NO;
				CLANG_ANALYZER_NONNULL = YES;
				CLANG_ANALYZER_NUMBER_OBJECT_CONVERSION = YES_AGGRESSIVE;
				CLANG_CXX_LANGUAGE_STANDARD = "gnu++20";
				CLANG_ENABLE_MODULES = YES;
				CLANG_ENABLE_OBJC_ARC = YES;
				CLANG_ENABLE_OBJC_WEAK = YES;
				CLANG_WARN_BLOCK_CAPTURE_AUTORELEASING = YES;
				CLANG_WARN_BOOL_CONVERSION = YES;
				CLANG_WARN_COMMA = YES;
				CLANG_WARN_CONSTANT_CONVERSION = YES;
				CLANG_WARN_DEPRECATED_OBJC_IMPLEMENTATIONS = YES;
				CLANG_WARN_DIRECT_OBJC_ISA_USAGE = YES_ERROR;
				CLANG_WARN_DOCUMENTATION_COMMENTS = YES;
				CLANG_WARN_EMPTY_BODY = YES;
				CLANG_WARN_ENUM_CONVERSION = YES;
				CLANG_WARN_INFINITE_RECURSION = YES;
				CLANG_WARN_INT_CONVERSION = YES;
				CLANG_WARN_NON_LITERAL_NULL_CONVERSION = YES;
				CLANG_WARN_OBJC_IMPLICIT_RETAIN_SELF = YES;
				CLANG_WARN_OBJC_LITERAL_CONVERSION = YES;
				CLANG_WARN_OBJC_ROOT_CLASS = YES_ERROR;
				CLANG_WARN_QUOTED_INCLUDE_IN_FRAMEWORK_HEADER = YES;
				CLANG_WARN_RANGE_LOOP_ANALYSIS = YES;
				CLANG_WARN_STRICT_PROTOTYPES = YES;
				CLANG_WARN_SUSPICIOUS_MOVE = YES;
				CLANG_WARN_UNGUARDED_AVAILABILITY = YES_AGGRESSIVE;
				CLANG_WARN_UNREACHABLE_CODE = YES;
				CLANG_WARN__DUPLICATE_METHOD_MATCH = YES;
				COPY_PHASE_STRIP = NO;
				DEBUG_INFORMATION_FORMAT = "dwarf-with-dsym";
				ENABLE_NS_ASSERTIONS = NO;
				ENABLE_STRICT_OBJC_MSGSEND = YES;
				GCC_C_LANGUAGE_STANDARD = gnu11;
				GCC_NO_COMMON_BLOCKS = YES;
				GCC_WARN_64_TO_32_BIT_CONVERSION = YES;
				GCC_WARN_ABOUT_RETURN_TYPE = YES_ERROR;
				GCC_WARN_UNDECLARED_SELECTOR = YES;
				GCC_WARN_UNINITIALIZED_AUTOS = YES_AGGRESSIVE;
				GCC_WARN_UNUSED_FUNCTION = YES;
				GCC_WARN_UNUSED_VARIABLE = YES;
				IPHONEOS_DEPLOYMENT_TARGET = 16.0;
				MTL_ENABLE_DEBUG_INFO = NO;
				MTL_FAST_MATH = YES;
				SDKROOT = iphoneos;
				SWIFT_COMPILATION_MODE = wholemodule;
				SWIFT_OPTIMIZATION_LEVEL = "-O";
				VALIDATE_PRODUCT = YES;
			};
			name = Release;
		};
		5CD352D02A26FBE60019532A /* Debug */ = {
			isa = XCBuildConfiguration;
			buildSettings = {
				ASSETCATALOG_COMPILER_APPICON_NAME = AppIcon;
				ASSETCATALOG_COMPILER_GLOBAL_ACCENT_COLOR_NAME = AccentColor;
				CODE_SIGN_STYLE = Automatic;
				CURRENT_PROJECT_VERSION = 1;
				GENERATE_INFOPLIST_FILE = YES;
				INFOPLIST_FILE = AppDemoSonar/Info.plist;
				INFOPLIST_KEY_UIApplicationSupportsIndirectInputEvents = YES;
				INFOPLIST_KEY_UILaunchStoryboardName = LaunchScreen;
				INFOPLIST_KEY_UIMainStoryboardFile = Main;
				INFOPLIST_KEY_UISupportedInterfaceOrientations_iPad = "UIInterfaceOrientationPortrait UIInterfaceOrientationPortraitUpsideDown UIInterfaceOrientationLandscapeLeft UIInterfaceOrientationLandscapeRight";
				INFOPLIST_KEY_UISupportedInterfaceOrientations_iPhone = "UIInterfaceOrientationPortrait UIInterfaceOrientationLandscapeLeft UIInterfaceOrientationLandscapeRight";
				LD_RUNPATH_SEARCH_PATHS = (
					"$(inherited)",
					"@executable_path/Frameworks",
				);
				MARKETING_VERSION = 1.0;
				PRODUCT_BUNDLE_IDENTIFIER = com.company.cuong.AppDemoSonar;
				PRODUCT_NAME = "$(TARGET_NAME)";
				SWIFT_EMIT_LOC_STRINGS = YES;
				SWIFT_VERSION = 5.0;
				TARGETED_DEVICE_FAMILY = "1,2";
			};
			name = Debug;
		};
		5CD352D12A26FBE60019532A /* Release */ = {
			isa = XCBuildConfiguration;
			buildSettings = {
				ASSETCATALOG_COMPILER_APPICON_NAME = AppIcon;
				ASSETCATALOG_COMPILER_GLOBAL_ACCENT_COLOR_NAME = AccentColor;
				CODE_SIGN_STYLE = Automatic;
				CURRENT_PROJECT_VERSION = 1;
				GENERATE_INFOPLIST_FILE = YES;
				INFOPLIST_FILE = AppDemoSonar/Info.plist;
				INFOPLIST_KEY_UIApplicationSupportsIndirectInputEvents = YES;
				INFOPLIST_KEY_UILaunchStoryboardName = LaunchScreen;
				INFOPLIST_KEY_UIMainStoryboardFile = Main;
				INFOPLIST_KEY_UISupportedInterfaceOrientations_iPad = "UIInterfaceOrientationPortrait UIInterfaceOrientationPortraitUpsideDown UIInterfaceOrientationLandscapeLeft UIInterfaceOrientationLandscapeRight";
				INFOPLIST_KEY_UISupportedInterfaceOrientations_iPhone = "UIInterfaceOrientationPortrait UIInterfaceOrientationLandscapeLeft UIInterfaceOrientationLandscapeRight";
				LD_RUNPATH_SEARCH_PATHS = (
					"$(inherited)",
					"@executable_path/Frameworks",
				);
				MARKETING_VERSION = 1.0;
				PRODUCT_BUNDLE_IDENTIFIER = com.company.cuong.AppDemoSonar;
				PRODUCT_NAME = "$(TARGET_NAME)";
				SWIFT_EMIT_LOC_STRINGS = YES;
				SWIFT_VERSION = 5.0;
				TARGETED_DEVICE_FAMILY = "1,2";
			};
			name = Release;
		};
		5CD352D32A26FBE60019532A /* Debug */ = {
			isa = XCBuildConfiguration;
			buildSettings = {
				ALWAYS_EMBED_SWIFT_STANDARD_LIBRARIES = YES;
				BUNDLE_LOADER = "$(TEST_HOST)";
				CODE_SIGN_STYLE = Automatic;
				CURRENT_PROJECT_VERSION = 1;
				GENERATE_INFOPLIST_FILE = YES;
				IPHONEOS_DEPLOYMENT_TARGET = 16.0;
				MARKETING_VERSION = 1.0;
				PRODUCT_BUNDLE_IDENTIFIER = com.company.cuong.AppDemoSonarTests;
				PRODUCT_NAME = "$(TARGET_NAME)";
				SWIFT_EMIT_LOC_STRINGS = NO;
				SWIFT_VERSION = 5.0;
				TARGETED_DEVICE_FAMILY = "1,2";
				TEST_HOST = "$(BUILT_PRODUCTS_DIR)/AppDemoSonar.app/$(BUNDLE_EXECUTABLE_FOLDER_PATH)/AppDemoSonar";
			};
			name = Debug;
		};
		5CD352D42A26FBE60019532A /* Release */ = {
			isa = XCBuildConfiguration;
			buildSettings = {
				ALWAYS_EMBED_SWIFT_STANDARD_LIBRARIES = YES;
				BUNDLE_LOADER = "$(TEST_HOST)";
				CODE_SIGN_STYLE = Automatic;
				CURRENT_PROJECT_VERSION = 1;
				GENERATE_INFOPLIST_FILE = YES;
				IPHONEOS_DEPLOYMENT_TARGET = 16.0;
				MARKETING_VERSION = 1.0;
				PRODUCT_BUNDLE_IDENTIFIER = com.company.cuong.AppDemoSonarTests;
				PRODUCT_NAME = "$(TARGET_NAME)";
				SWIFT_EMIT_LOC_STRINGS = NO;
				SWIFT_VERSION = 5.0;
				TARGETED_DEVICE_FAMILY = "1,2";
				TEST_HOST = "$(BUILT_PRODUCTS_DIR)/AppDemoSonar.app/$(BUNDLE_EXECUTABLE_FOLDER_PATH)/AppDemoSonar";
			};
			name = Release;
		};
		5CD352D62A26FBE60019532A /* Debug */ = {
			isa = XCBuildConfiguration;
			buildSettings = {
				ALWAYS_EMBED_SWIFT_STANDARD_LIBRARIES = YES;
				CODE_SIGN_STYLE = Automatic;
				CURRENT_PROJECT_VERSION = 1;
				GENERATE_INFOPLIST_FILE = YES;
				MARKETING_VERSION = 1.0;
				PRODUCT_BUNDLE_IDENTIFIER = com.company.cuong.AppDemoSonarUITests;
				PRODUCT_NAME = "$(TARGET_NAME)";
				SWIFT_EMIT_LOC_STRINGS = NO;
				SWIFT_VERSION = 5.0;
				TARGETED_DEVICE_FAMILY = "1,2";
				TEST_TARGET_NAME = AppDemoSonar;
			};
			name = Debug;
		};
		5CD352D72A26FBE60019532A /* Release */ = {
			isa = XCBuildConfiguration;
			buildSettings = {
				ALWAYS_EMBED_SWIFT_STANDARD_LIBRARIES = YES;
				CODE_SIGN_STYLE = Automatic;
				CURRENT_PROJECT_VERSION = 1;
				GENERATE_INFOPLIST_FILE = YES;
				MARKETING_VERSION = 1.0;
				PRODUCT_BUNDLE_IDENTIFIER = com.company.cuong.AppDemoSonarUITests;
				PRODUCT_NAME = "$(TARGET_NAME)";
				SWIFT_EMIT_LOC_STRINGS = NO;
				SWIFT_VERSION = 5.0;
				TARGETED_DEVICE_FAMILY = "1,2";
				TEST_TARGET_NAME = AppDemoSonar;
			};
			name = Release;
		};
/* End XCBuildConfiguration section */

/* Begin XCConfigurationList section */
		5CD352A02A26FBE40019532A /* Build configuration list for PBXProject "AppDemoSonar" */ = {
			isa = XCConfigurationList;
			buildConfigurations = (
				5CD352CD2A26FBE60019532A /* Debug */,
				5CD352CE2A26FBE60019532A /* Release */,
			);
			defaultConfigurationIsVisible = 0;
			defaultConfigurationName = Release;
		};
		5CD352CF2A26FBE60019532A /* Build configuration list for PBXNativeTarget "AppDemoSonar" */ = {
			isa = XCConfigurationList;
			buildConfigurations = (
				5CD352D02A26FBE60019532A /* Debug */,
				5CD352D12A26FBE60019532A /* Release */,
			);
			defaultConfigurationIsVisible = 0;
			defaultConfigurationName = Release;
		};
		5CD352D22A26FBE60019532A /* Build configuration list for PBXNativeTarget "AppDemoSonarTests" */ = {
			isa = XCConfigurationList;
			buildConfigurations = (
				5CD352D32A26FBE60019532A /* Debug */,
				5CD352D42A26FBE60019532A /* Release */,
			);
			defaultConfigurationIsVisible = 0;
			defaultConfigurationName = Release;
		};
		5CD352D52A26FBE60019532A /* Build configuration list for PBXNativeTarget "AppDemoSonarUITests" */ = {
			isa = XCConfigurationList;
			buildConfigurations = (
				5CD352D62A26FBE60019532A /* Debug */,
				5CD352D72A26FBE60019532A /* Release */,
			);
			defaultConfigurationIsVisible = 0;
			defaultConfigurationName = Release;
		};
/* End XCConfigurationList section */
	};
	rootObject = 5CD3529D2A26FBE40019532A /* Project object */;
}
